
Microsoft Visual Studio Solution File, Format Version 12.00
# Visual Studio Version 16
VisualStudioVersion = 16.0.31410.357
MinimumVisualStudioVersion = 10.0.40219.1
Project("{2150E333-8FDC-42A3-9474-1A3956D46DE8}") = "DAL", "DAL", "{04EB21EB-9426-42FF-8140-FED87964E39D}"
EndProject
Project("{2150E333-8FDC-42A3-9474-1A3956D46DE8}") = "API", "API", "{0D9056F6-2915-4C74-826E-7D36AA286C58}"
EndProject
Project("{2150E333-8FDC-42A3-9474-1A3956D46DE8}") = "Infrastructure", "Infrastructure", "{DB3EEB11-1370-4293-B29F-EE523893331C}"
EndProject
Project("{2150E333-8FDC-42A3-9474-1A3956D46DE8}") = "BLL", "BLL", "{BB0EB71F-C00D-427D-B3CF-8931A5DC15FB}"
EndProject
Project("{FAE04EC0-301F-11D3-BF4B-00C04F79EFBC}") = "EQ.API", "EQ.API\EQ.API.csproj", "{563487FF-526F-482E-AF79-207596B9277C}"
EndProject
Global
	GlobalSection(SolutionConfigurationPlatforms) = preSolution
		Debug|Any CPU = Debug|Any CPU
		Release|Any CPU = Release|Any CPU
	EndGlobalSection
	GlobalSection(ProjectConfigurationPlatforms) = postSolution
		{563487FF-526F-482E-AF79-207596B9277C}.Debug|Any CPU.ActiveCfg = Debug|Any CPU
		{563487FF-526F-482E-AF79-207596B9277C}.Debug|Any CPU.Build.0 = Debug|Any CPU
		{563487FF-526F-482E-AF79-207596B9277C}.Release|Any CPU.ActiveCfg = Release|Any CPU
		{563487FF-526F-482E-AF79-207596B9277C}.Release|Any CPU.Build.0 = Release|Any CPU
	EndGlobalSection
	GlobalSection(SolutionProperties) = preSolution
		HideSolutionNode = FALSE
	EndGlobalSection
	GlobalSection(NestedProjects) = preSolution
		{563487FF-526F-482E-AF79-207596B9277C} = {0D9056F6-2915-4C74-826E-7D36AA286C58}
	EndGlobalSection
	GlobalSection(ExtensibilityGlobals) = postSolution
		SolutionGuid = {D9B18474-D3C6-476F-9721-9ACCC1163FDB}
	EndGlobalSection
EndGlobal
