
Microsoft Visual Studio Solution File, Format Version 12.00
# Visual Studio Version 16
VisualStudioVersion = 16.0.31410.357
MinimumVisualStudioVersion = 10.0.40219.1
Project("{2150E333-8FDC-42A3-9474-1A3956D46DE8}") = "DAL", "DAL", "{04EB21EB-9426-42FF-8140-FED87964E39D}"
EndProject
Project("{2150E333-8FDC-42A3-9474-1A3956D46DE8}") = "API", "API", "{0D9056F6-2915-4C74-826E-7D36AA286C58}"
EndProject
Project("{2150E333-8FDC-42A3-9474-1A3956D46DE8}") = "Infrastructure", "Infrastructure", "{DB3EEB11-1370-4293-B29F-EE523893331C}"
EndProject
Project("{2150E333-8FDC-42A3-9474-1A3956D46DE8}") = "BLL", "BLL", "{BB0EB71F-C00D-427D-B3CF-8931A5DC15FB}"
EndProject
Project("{9A19103F-16F7-4668-BE54-9A1E7A4F7556}") = "EQ.API", "EQ.API\EQ.API.csproj", "{563487FF-526F-482E-AF79-207596B9277C}"
EndProject
Project("{9A19103F-16F7-4668-BE54-9A1E7A4F7556}") = "repository-unitofwork", "..\..\repository-unitofwork\repository-unitofwork\repository-unitofwork.csproj", "{44BA4CB0-F3FE-403A-A8B3-5FC974592430}"
EndProject
Project("{9A19103F-16F7-4668-BE54-9A1E7A4F7556}") = "EQ.Models", "EQ.Models\EQ.Models.csproj", "{6848B97D-C87D-4825-9B06-7ADB85925E45}"
EndProject
Project("{9A19103F-16F7-4668-BE54-9A1E7A4F7556}") = "EQ.Constants", "EQ.Constants\EQ.Constants.csproj", "{0B6B0A9B-28EC-4AD8-BDF6-0988ACFD00F4}"
EndProject
Project("{9A19103F-16F7-4668-BE54-9A1E7A4F7556}") = "EQ.DAL", "EQ.DAL\EQ.DAL.csproj", "{A78055E3-6DA7-4858-AA9E-4C1584FF985F}"
EndProject
Project("{2150E333-8FDC-42A3-9474-1A3956D46DE8}") = "Helpers", "Helpers", "{462B4F3A-5EBC-427D-AD77-792A435CA838}"
EndProject
Project("{9A19103F-16F7-4668-BE54-9A1E7A4F7556}") = "EQ.Helpers.Tokens", "EQ.Helpers.Tokens\EQ.Helpers.Tokens.csproj", "{D8050BF3-D924-4E5D-8693-1CB80F12FEB2}"
EndProject
Project("{9A19103F-16F7-4668-BE54-9A1E7A4F7556}") = "EQ.BLL.BaseDbService", "BaseDbService\EQ.BLL.BaseDbService.csproj", "{AF186E16-7DB5-4C91-8ECF-4A0261A10E7F}"
EndProject
Project("{9A19103F-16F7-4668-BE54-9A1E7A4F7556}") = "EQ.BLL.Authentication", "EQ.BLL.Authentication\EQ.BLL.Authentication.csproj", "{B1A2127F-514C-4E0C-B4A4-9A2A8E4F2103}"
EndProject
Project("{9A19103F-16F7-4668-BE54-9A1E7A4F7556}") = "EQ.Helpers.Hash", "EQ.Helpers.Hash\EQ.Helpers.Hash.csproj", "{868ED03C-1236-42B4-8A67-184D3266ABA9}"
EndProject
Project("{FAE04EC0-301F-11D3-BF4B-00C04F79EFBC}") = "EQ.BLL", "EQ.BLL\EQ.BLL.csproj", "{A996593D-8FC5-456E-8FA1-BE07FC04A62A}"
EndProject
Global
	GlobalSection(SolutionConfigurationPlatforms) = preSolution
		Debug|Any CPU = Debug|Any CPU
		Release|Any CPU = Release|Any CPU
	EndGlobalSection
	GlobalSection(ProjectConfigurationPlatforms) = postSolution
		{563487FF-526F-482E-AF79-207596B9277C}.Debug|Any CPU.ActiveCfg = Debug|Any CPU
		{563487FF-526F-482E-AF79-207596B9277C}.Debug|Any CPU.Build.0 = Debug|Any CPU
		{563487FF-526F-482E-AF79-207596B9277C}.Release|Any CPU.ActiveCfg = Release|Any CPU
		{563487FF-526F-482E-AF79-207596B9277C}.Release|Any CPU.Build.0 = Release|Any CPU
		{44BA4CB0-F3FE-403A-A8B3-5FC974592430}.Debug|Any CPU.ActiveCfg = Debug|Any CPU
		{44BA4CB0-F3FE-403A-A8B3-5FC974592430}.Debug|Any CPU.Build.0 = Debug|Any CPU
		{44BA4CB0-F3FE-403A-A8B3-5FC974592430}.Release|Any CPU.ActiveCfg = Release|Any CPU
		{44BA4CB0-F3FE-403A-A8B3-5FC974592430}.Release|Any CPU.Build.0 = Release|Any CPU
		{6848B97D-C87D-4825-9B06-7ADB85925E45}.Debug|Any CPU.ActiveCfg = Debug|Any CPU
		{6848B97D-C87D-4825-9B06-7ADB85925E45}.Debug|Any CPU.Build.0 = Debug|Any CPU
		{6848B97D-C87D-4825-9B06-7ADB85925E45}.Release|Any CPU.ActiveCfg = Release|Any CPU
		{6848B97D-C87D-4825-9B06-7ADB85925E45}.Release|Any CPU.Build.0 = Release|Any CPU
		{0B6B0A9B-28EC-4AD8-BDF6-0988ACFD00F4}.Debug|Any CPU.ActiveCfg = Debug|Any CPU
		{0B6B0A9B-28EC-4AD8-BDF6-0988ACFD00F4}.Debug|Any CPU.Build.0 = Debug|Any CPU
		{0B6B0A9B-28EC-4AD8-BDF6-0988ACFD00F4}.Release|Any CPU.ActiveCfg = Release|Any CPU
		{0B6B0A9B-28EC-4AD8-BDF6-0988ACFD00F4}.Release|Any CPU.Build.0 = Release|Any CPU
		{A78055E3-6DA7-4858-AA9E-4C1584FF985F}.Debug|Any CPU.ActiveCfg = Debug|Any CPU
		{A78055E3-6DA7-4858-AA9E-4C1584FF985F}.Debug|Any CPU.Build.0 = Debug|Any CPU
		{A78055E3-6DA7-4858-AA9E-4C1584FF985F}.Release|Any CPU.ActiveCfg = Release|Any CPU
		{A78055E3-6DA7-4858-AA9E-4C1584FF985F}.Release|Any CPU.Build.0 = Release|Any CPU
		{D8050BF3-D924-4E5D-8693-1CB80F12FEB2}.Debug|Any CPU.ActiveCfg = Debug|Any CPU
		{D8050BF3-D924-4E5D-8693-1CB80F12FEB2}.Debug|Any CPU.Build.0 = Debug|Any CPU
		{D8050BF3-D924-4E5D-8693-1CB80F12FEB2}.Release|Any CPU.ActiveCfg = Release|Any CPU
		{D8050BF3-D924-4E5D-8693-1CB80F12FEB2}.Release|Any CPU.Build.0 = Release|Any CPU
		{AF186E16-7DB5-4C91-8ECF-4A0261A10E7F}.Debug|Any CPU.ActiveCfg = Debug|Any CPU
		{AF186E16-7DB5-4C91-8ECF-4A0261A10E7F}.Debug|Any CPU.Build.0 = Debug|Any CPU
		{AF186E16-7DB5-4C91-8ECF-4A0261A10E7F}.Release|Any CPU.ActiveCfg = Release|Any CPU
		{AF186E16-7DB5-4C91-8ECF-4A0261A10E7F}.Release|Any CPU.Build.0 = Release|Any CPU
		{B1A2127F-514C-4E0C-B4A4-9A2A8E4F2103}.Debug|Any CPU.ActiveCfg = Debug|Any CPU
		{B1A2127F-514C-4E0C-B4A4-9A2A8E4F2103}.Debug|Any CPU.Build.0 = Debug|Any CPU
		{B1A2127F-514C-4E0C-B4A4-9A2A8E4F2103}.Release|Any CPU.ActiveCfg = Release|Any CPU
		{B1A2127F-514C-4E0C-B4A4-9A2A8E4F2103}.Release|Any CPU.Build.0 = Release|Any CPU
		{868ED03C-1236-42B4-8A67-184D3266ABA9}.Debug|Any CPU.ActiveCfg = Debug|Any CPU
		{868ED03C-1236-42B4-8A67-184D3266ABA9}.Debug|Any CPU.Build.0 = Debug|Any CPU
		{868ED03C-1236-42B4-8A67-184D3266ABA9}.Release|Any CPU.ActiveCfg = Release|Any CPU
		{868ED03C-1236-42B4-8A67-184D3266ABA9}.Release|Any CPU.Build.0 = Release|Any CPU
		{A996593D-8FC5-456E-8FA1-BE07FC04A62A}.Debug|Any CPU.ActiveCfg = Debug|Any CPU
		{A996593D-8FC5-456E-8FA1-BE07FC04A62A}.Debug|Any CPU.Build.0 = Debug|Any CPU
		{A996593D-8FC5-456E-8FA1-BE07FC04A62A}.Release|Any CPU.ActiveCfg = Release|Any CPU
		{A996593D-8FC5-456E-8FA1-BE07FC04A62A}.Release|Any CPU.Build.0 = Release|Any CPU
	EndGlobalSection
	GlobalSection(SolutionProperties) = preSolution
		HideSolutionNode = FALSE
	EndGlobalSection
	GlobalSection(NestedProjects) = preSolution
		{563487FF-526F-482E-AF79-207596B9277C} = {0D9056F6-2915-4C74-826E-7D36AA286C58}
		{44BA4CB0-F3FE-403A-A8B3-5FC974592430} = {DB3EEB11-1370-4293-B29F-EE523893331C}
		{6848B97D-C87D-4825-9B06-7ADB85925E45} = {DB3EEB11-1370-4293-B29F-EE523893331C}
		{0B6B0A9B-28EC-4AD8-BDF6-0988ACFD00F4} = {DB3EEB11-1370-4293-B29F-EE523893331C}
		{A78055E3-6DA7-4858-AA9E-4C1584FF985F} = {04EB21EB-9426-42FF-8140-FED87964E39D}
		{D8050BF3-D924-4E5D-8693-1CB80F12FEB2} = {462B4F3A-5EBC-427D-AD77-792A435CA838}
		{AF186E16-7DB5-4C91-8ECF-4A0261A10E7F} = {BB0EB71F-C00D-427D-B3CF-8931A5DC15FB}
		{B1A2127F-514C-4E0C-B4A4-9A2A8E4F2103} = {BB0EB71F-C00D-427D-B3CF-8931A5DC15FB}
		{868ED03C-1236-42B4-8A67-184D3266ABA9} = {462B4F3A-5EBC-427D-AD77-792A435CA838}
		{A996593D-8FC5-456E-8FA1-BE07FC04A62A} = {BB0EB71F-C00D-427D-B3CF-8931A5DC15FB}
	EndGlobalSection
	GlobalSection(ExtensibilityGlobals) = postSolution
		SolutionGuid = {D9B18474-D3C6-476F-9721-9ACCC1163FDB}
	EndGlobalSection
EndGlobal
